// !$*UTF8*$!
{
	archiveVersion = 1;
	classes = {
	};
	objectVersion = 56;
	objects = {

/* Begin PBXBuildFile section */
		952907C975BF474D897AAA4E /* AboutView.swift in Sources */ = {isa = PBXBuildFile; fileRef = 23482049F7FC434C8DAC6A19 /* AboutView.swift */; };
		4D6E03A7455D462D92CCFA07 /* AppDelegate.swift in Sources */ = {isa = PBXBuildFile; fileRef = DF3EBFAD839D4884BB757AAA /* AppDelegate.swift */; };
		66955909451D4D708E592547 /* AppSettings.swift in Sources */ = {isa = PBXBuildFile; fileRef = BE471E1F117C4D3BBBB8E0E3 /* AppSettings.swift */; };
		2FAE4624929D4C038E98AF5E /* DesktopWindow.swift in Sources */ = {isa = PBXBuildFile; fileRef = DBC5DD8276AE4DBB83F8DBE3 /* DesktopWindow.swift */; };
		33019D8B077545368F20F513 /* DisplayManagerView.swift in Sources */ = {isa = PBXBuildFile; fileRef = D28A8A70D4864BFDB289AB4A /* DisplayManagerView.swift */; };
		B0B3EC3125A847C8BA0CA818 /* DynamicWallpaperApp.swift in Sources */ = {isa = PBXBuildFile; fileRef = 76472CA3A14E40EFB5ECA067 /* DynamicWallpaperApp.swift */; };
		4361676E6AF94C22B57D3EF2 /* LaunchAtLoginHelper.swift in Sources */ = {isa = PBXBuildFile; fileRef = 6D9ECB482D68480F86298A14 /* LaunchAtLoginHelper.swift */; };
		B0ED15704BB447938ADE8ABF /* MainWindowView.swift in Sources */ = {isa = PBXBuildFile; fileRef = C8C40716374E4D16A2B51A9C /* MainWindowView.swift */; };
		FC38376093D0416493A34DBC /* MenuBarExtraView.swift in Sources */ = {isa = PBXBuildFile; fileRef = B66F527270DE4B0280E5D1D8 /* MenuBarExtraView.swift */; };
		2349980CA9134718B85E79A0 /* PowerEfficiencyManager.swift in Sources */ = {isa = PBXBuildFile; fileRef = F177E7619B0E481C84FC9C30 /* PowerEfficiencyManager.swift */; };
		5F034F832B314FE4B4D07DB1 /* PreferencesView.swift in Sources */ = {isa = PBXBuildFile; fileRef = 9F15AD522B0E4A7487BBDB19 /* PreferencesView.swift */; };
		D17C89F9D40C4E56902B79E5 /* SampleWallpaperProvider.swift in Sources */ = {isa = PBXBuildFile; fileRef = F7A4F36D59604911B32DA243 /* SampleWallpaperProvider.swift */; };
		75CA83A022FC4DFD9803AA0E /* ScreenObserver.swift in Sources */ = {isa = PBXBuildFile; fileRef = E822DB89A4994A2884613A47 /* ScreenObserver.swift */; };
		7F3C4A4CC7ED477099A781A2 /* ThumbnailGenerator.swift in Sources */ = {isa = PBXBuildFile; fileRef = 602608BD62CA482B9F50FB16 /* ThumbnailGenerator.swift */; };
		470B96456ACB40D58625EDDF /* VideoPlayerController.swift in Sources */ = {isa = PBXBuildFile; fileRef = 3FD85E5D00E24462BC25C626 /* VideoPlayerController.swift */; };
		CEAC9AEC97E24313892AA4B2 /* WallpaperCardView.swift in Sources */ = {isa = PBXBuildFile; fileRef = 52D3102797E04F63BE977135 /* WallpaperCardView.swift */; };
		2B636FD65E304D62B04F9B8E /* WallpaperEngine.swift in Sources */ = {isa = PBXBuildFile; fileRef = 389014049C304F0BA0AB05EB /* WallpaperEngine.swift */; };
		73F5F0E6127B42A199F1EA69 /* WallpaperItem.swift in Sources */ = {isa = PBXBuildFile; fileRef = 888767AAC1274D60A575C351 /* WallpaperItem.swift */; };
		755BC1FA0E7747E5A992DE63 /* WallpaperLibraryStore.swift in Sources */ = {isa = PBXBuildFile; fileRef = 31CABE20FF994A329B6D5343 /* WallpaperLibraryStore.swift */; };
		27EE9639D0F94F848FA2C9EE /* Assets.xcassets in Resources */ = {isa = PBXBuildFile; fileRef = 94815A55FBC44CD1B593DA4B /* Assets.xcassets */; };
/* End PBXBuildFile section */

/* Begin PBXFileReference section */
		23482049F7FC434C8DAC6A19 /* AboutView.swift */ = {isa = PBXFileReference; lastKnownFileType = sourcecode.swift; path = "AboutView.swift"; sourceTree = "<group>"; };
		DF3EBFAD839D4884BB757AAA /* AppDelegate.swift */ = {isa = PBXFileReference; lastKnownFileType = sourcecode.swift; path = "AppDelegate.swift"; sourceTree = "<group>"; };
		BE471E1F117C4D3BBBB8E0E3 /* AppSettings.swift */ = {isa = PBXFileReference; lastKnownFileType = sourcecode.swift; path = "AppSettings.swift"; sourceTree = "<group>"; };
		DBC5DD8276AE4DBB83F8DBE3 /* DesktopWindow.swift */ = {isa = PBXFileReference; lastKnownFileType = sourcecode.swift; path = "DesktopWindow.swift"; sourceTree = "<group>"; };
		D28A8A70D4864BFDB289AB4A /* DisplayManagerView.swift */ = {isa = PBXFileReference; lastKnownFileType = sourcecode.swift; path = "DisplayManagerView.swift"; sourceTree = "<group>"; };
		76472CA3A14E40EFB5ECA067 /* DynamicWallpaperApp.swift */ = {isa = PBXFileReference; lastKnownFileType = sourcecode.swift; path = "DynamicWallpaperApp.swift"; sourceTree = "<group>"; };
		6D9ECB482D68480F86298A14 /* LaunchAtLoginHelper.swift */ = {isa = PBXFileReference; lastKnownFileType = sourcecode.swift; path = "LaunchAtLoginHelper.swift"; sourceTree = "<group>"; };
		C8C40716374E4D16A2B51A9C /* MainWindowView.swift */ = {isa = PBXFileReference; lastKnownFileType = sourcecode.swift; path = "MainWindowView.swift"; sourceTree = "<group>"; };
		B66F527270DE4B0280E5D1D8 /* MenuBarExtraView.swift */ = {isa = PBXFileReference; lastKnownFileType = sourcecode.swift; path = "MenuBarExtraView.swift"; sourceTree = "<group>"; };
		F177E7619B0E481C84FC9C30 /* PowerEfficiencyManager.swift */ = {isa = PBXFileReference; lastKnownFileType = sourcecode.swift; path = "PowerEfficiencyManager.swift"; sourceTree = "<group>"; };
		9F15AD522B0E4A7487BBDB19 /* PreferencesView.swift */ = {isa = PBXFileReference; lastKnownFileType = sourcecode.swift; path = "PreferencesView.swift"; sourceTree = "<group>"; };
		F7A4F36D59604911B32DA243 /* SampleWallpaperProvider.swift */ = {isa = PBXFileReference; lastKnownFileType = sourcecode.swift; path = "SampleWallpaperProvider.swift"; sourceTree = "<group>"; };
		E822DB89A4994A2884613A47 /* ScreenObserver.swift */ = {isa = PBXFileReference; lastKnownFileType = sourcecode.swift; path = "ScreenObserver.swift"; sourceTree = "<group>"; };
		602608BD62CA482B9F50FB16 /* ThumbnailGenerator.swift */ = {isa = PBXFileReference; lastKnownFileType = sourcecode.swift; path = "ThumbnailGenerator.swift"; sourceTree = "<group>"; };
		3FD85E5D00E24462BC25C626 /* VideoPlayerController.swift */ = {isa = PBXFileReference; lastKnownFileType = sourcecode.swift; path = "VideoPlayerController.swift"; sourceTree = "<group>"; };
		52D3102797E04F63BE977135 /* WallpaperCardView.swift */ = {isa = PBXFileReference; lastKnownFileType = sourcecode.swift; path = "WallpaperCardView.swift"; sourceTree = "<group>"; };
		389014049C304F0BA0AB05EB /* WallpaperEngine.swift */ = {isa = PBXFileReference; lastKnownFileType = sourcecode.swift; path = "WallpaperEngine.swift"; sourceTree = "<group>"; };
		888767AAC1274D60A575C351 /* WallpaperItem.swift */ = {isa = PBXFileReference; lastKnownFileType = sourcecode.swift; path = "WallpaperItem.swift"; sourceTree = "<group>"; };
		31CABE20FF994A329B6D5343 /* WallpaperLibraryStore.swift */ = {isa = PBXFileReference; lastKnownFileType = sourcecode.swift; path = "WallpaperLibraryStore.swift"; sourceTree = "<group>"; };
		94815A55FBC44CD1B593DA4B /* Assets.xcassets */ = {isa = PBXFileReference; lastKnownFileType = folder.assetcatalog; path = "Resources/Assets.xcassets"; sourceTree = "<group>"; };
		0E28D7F3425F4C58B6BBAF4B /* Info.plist */ = {isa = PBXFileReference; lastKnownFileType = text.plist.xml; path = "Info.plist"; sourceTree = "<group>"; };
		46B5344F03604039B4FDED77 /* DynamicWallpaper.app */ = {isa = PBXFileReference; explicitFileType = wrapper.application; includeInIndex = 0; path = "DynamicWallpaper.app"; sourceTree = BUILT_PRODUCTS_DIR; };
/* End PBXFileReference section */

/* Begin PBXFrameworksBuildPhase section */
		08CDC216549C4444A36C3167 /* Frameworks */ = {
			isa = PBXFrameworksBuildPhase;
			buildActionMask = 2147483647;
			files = (
			);
			runOnlyForDeploymentPostprocessing = 0;
		};
/* End PBXFrameworksBuildPhase section */

/* Begin PBXGroup section */
		3F7AF74BFAAB4CACBAE4EF54 = {
			isa = PBXGroup;
			children = (
				862E9EAFAFE8497CA4FB6FA4 /* Sources */,
				94815A55FBC44CD1B593DA4B /* Assets.xcassets */,
				0E28D7F3425F4C58B6BBAF4B /* Info.plist */,
				E46C1B6DB7E54FF78D83BC89 /* Products */,
			);
			sourceTree = "<group>";
		};
		862E9EAFAFE8497CA4FB6FA4 /* Sources */ = {
			isa = PBXGroup;
			children = (
				3886491CB52E4306841FD162 /* Views */,
				7416A756B09F439AA94C1491 /* App */,
				0A7134DDCF42410892B5F115 /* Models */,
				7496CEED9F274A048693D96E /* Core */,
				1E0811CE6F3E487CA13C97DA /* Services */,
			);
			name = Sources;
			sourceTree = "<group>";
		};
		3886491CB52E4306841FD162 /* Views */ = {
			isa = PBXGroup;
			children = (
				23482049F7FC434C8DAC6A19 /* AboutView.swift */,
				D28A8A70D4864BFDB289AB4A /* DisplayManagerView.swift */,
				C8C40716374E4D16A2B51A9C /* MainWindowView.swift */,
				B66F527270DE4B0280E5D1D8 /* MenuBarExtraView.swift */,
				9F15AD522B0E4A7487BBDB19 /* PreferencesView.swift */,
				52D3102797E04F63BE977135 /* WallpaperCardView.swift */
			);
			name = "Views";
			path = "Sources/DynamicWallpaper/Views";
			sourceTree = "<group>";
		};
		7416A756B09F439AA94C1491 /* App */ = {
			isa = PBXGroup;
			children = (
				DF3EBFAD839D4884BB757AAA /* AppDelegate.swift */,
				76472CA3A14E40EFB5ECA067 /* DynamicWallpaperApp.swift */
			);
			name = "App";
			path = "Sources/DynamicWallpaper/App";
			sourceTree = "<group>";
		};
		0A7134DDCF42410892B5F115 /* Models */ = {
			isa = PBXGroup;
			children = (
				BE471E1F117C4D3BBBB8E0E3 /* AppSettings.swift */,
				888767AAC1274D60A575C351 /* WallpaperItem.swift */
			);
			name = "Models";
			path = "Sources/DynamicWallpaper/Models";
			sourceTree = "<group>";
		};
		7496CEED9F274A048693D96E /* Core */ = {
			isa = PBXGroup;
			children = (
				DBC5DD8276AE4DBB83F8DBE3 /* DesktopWindow.swift */,
				F177E7619B0E481C84FC9C30 /* PowerEfficiencyManager.swift */,
				E822DB89A4994A2884613A47 /* ScreenObserver.swift */,
				3FD85E5D00E24462BC25C626 /* VideoPlayerController.swift */,
				389014049C304F0BA0AB05EB /* WallpaperEngine.swift */
			);
			name = "Core";
			path = "Sources/DynamicWallpaper/Core";
			sourceTree = "<group>";
		};
		1E0811CE6F3E487CA13C97DA /* Services */ = {
			isa = PBXGroup;
			children = (
				6D9ECB482D68480F86298A14 /* LaunchAtLoginHelper.swift */,
				F7A4F36D59604911B32DA243 /* SampleWallpaperProvider.swift */,
				602608BD62CA482B9F50FB16 /* ThumbnailGenerator.swift */,
				31CABE20FF994A329B6D5343 /* WallpaperLibraryStore.swift */
			);
			name = "Services";
			path = "Sources/DynamicWallpaper/Services";
			sourceTree = "<group>";
		};
		E46C1B6DB7E54FF78D83BC89 /* Products */ = {
			isa = PBXGroup;
			children = (
				46B5344F03604039B4FDED77 /* DynamicWallpaper.app */,
			);
			name = Products;
			sourceTree = "<group>";
		};
/* End PBXGroup section */

/* Begin PBXNativeTarget section */
		3828BB9A29B343F68E7F9803 /* DynamicWallpaper */ = {
			isa = PBXNativeTarget;
			buildConfigurationList = 0BBE5F1C9E524029B79A52C0 /* Build configuration list for PBXNativeTarget "DynamicWallpaper" */;
			buildPhases = (
				CFAF141398CA4D989E73CAA5 /* Sources */,
				08CDC216549C4444A36C3167 /* Frameworks */,
				7C60F88B8CF349AE99757647 /* Resources */,
			);
			buildRules = (
			);
			dependencies = (
			);
			name = DynamicWallpaper;
			productName = DynamicWallpaper;
			productReference = 46B5344F03604039B4FDED77 /* DynamicWallpaper.app */;
			productType = "com.apple.product-type.application";
		};
/* End PBXNativeTarget section */

/* Begin PBXProject section */
		CEB7D3D2EA3C44ED9AA1444B /* Project object */ = {
			isa = PBXProject;
			attributes = {
				BuildIndependentTargetsInParallel = 1;
				LastUpgradeCheck = 1500;
				TargetAttributes = {
					3828BB9A29B343F68E7F9803 = {
						CreatedOnToolsVersion = 15.0;
					};
				};
			};
			buildConfigurationList = CBC52C74017E42DE955C23D3 /* Build configuration list for PBXProject "DynamicWallpaper" */;
			compatibilityVersion = "Xcode 14.0";
			developmentRegion = en;
			hasScannedForEncodings = 0;
			knownRegions = (
				en,
				Base,
			);
			mainGroup = 3F7AF74BFAAB4CACBAE4EF54;
			productRefGroup = E46C1B6DB7E54FF78D83BC89 /* Products */;
			projectDirPath = "";
			projectRoot = "";
			targets = (
				3828BB9A29B343F68E7F9803 /* DynamicWallpaper */,
			);
		};
/* End PBXProject section */

/* Begin PBXResourcesBuildPhase section */
		7C60F88B8CF349AE99757647 /* Resources */ = {
			isa = PBXResourcesBuildPhase;
			buildActionMask = 2147483647;
			files = (
				27EE9639D0F94F848FA2C9EE /* Assets.xcassets in Resources */,
			);
			runOnlyForDeploymentPostprocessing = 0;
		};
/* End PBXResourcesBuildPhase section */

/* Begin PBXSourcesBuildPhase section */
		CFAF141398CA4D989E73CAA5 /* Sources */ = {
			isa = PBXSourcesBuildPhase;
			buildActionMask = 2147483647;
			files = (
				952907C975BF474D897AAA4E /* AboutView.swift in Sources */,
				4D6E03A7455D462D92CCFA07 /* AppDelegate.swift in Sources */,
				66955909451D4D708E592547 /* AppSettings.swift in Sources */,
				2FAE4624929D4C038E98AF5E /* DesktopWindow.swift in Sources */,
				33019D8B077545368F20F513 /* DisplayManagerView.swift in Sources */,
				B0B3EC3125A847C8BA0CA818 /* DynamicWallpaperApp.swift in Sources */,
				4361676E6AF94C22B57D3EF2 /* LaunchAtLoginHelper.swift in Sources */,
				B0ED15704BB447938ADE8ABF /* MainWindowView.swift in Sources */,
				FC38376093D0416493A34DBC /* MenuBarExtraView.swift in Sources */,
				2349980CA9134718B85E79A0 /* PowerEfficiencyManager.swift in Sources */,
				5F034F832B314FE4B4D07DB1 /* PreferencesView.swift in Sources */,
				D17C89F9D40C4E56902B79E5 /* SampleWallpaperProvider.swift in Sources */,
				75CA83A022FC4DFD9803AA0E /* ScreenObserver.swift in Sources */,
				7F3C4A4CC7ED477099A781A2 /* ThumbnailGenerator.swift in Sources */,
				470B96456ACB40D58625EDDF /* VideoPlayerController.swift in Sources */,
				CEAC9AEC97E24313892AA4B2 /* WallpaperCardView.swift in Sources */,
				2B636FD65E304D62B04F9B8E /* WallpaperEngine.swift in Sources */,
				73F5F0E6127B42A199F1EA69 /* WallpaperItem.swift in Sources */,
				755BC1FA0E7747E5A992DE63 /* WallpaperLibraryStore.swift in Sources */,
			);
			runOnlyForDeploymentPostprocessing = 0;
		};
/* End PBXSourcesBuildPhase section */

/* Begin XCBuildConfiguration section */
		2021CE0925B84B2F86722E14 /* Debug */ = {
			isa = XCBuildConfiguration;
			buildSettings = {
				ALWAYS_SEARCH_USER_PATHS = NO;
				CLANG_ANALYZER_NONNULL = YES;
				CLANG_CXX_LANGUAGE_STANDARD = "gnu++20";
				CLANG_ENABLE_MODULES = YES;
				CLANG_ENABLE_OBJC_ARC = YES;
				COPY_PHASE_STRIP = NO;
				DEBUG_INFORMATION_FORMAT = dwarf;
				ENABLE_STRICT_OBJC_MSGSEND = YES;
				ENABLE_TESTABILITY = YES;
				GCC_DYNAMIC_NO_PIC = NO;
				GCC_OPTIMIZATION_LEVEL = 0;
				GCC_PREPROCESSOR_DEFINITIONS = (
					"DEBUG=1",
					"$(inherited)",
				);
				MACOSX_DEPLOYMENT_TARGET = 13.0;
				MTL_ENABLE_DEBUG_INFO = INCLUDE_SOURCE;
				MTL_FAST_MATH = YES;
				ONLY_ACTIVE_ARCH = YES;
				SDKROOT = macosx;
				SWIFT_ACTIVE_COMPILATION_CONDITIONS = DEBUG;
				SWIFT_OPTIMIZATION_LEVEL = "-Onone";
			};
			name = Debug;
		};
		FF6EC5C02B254BB986DACEA7 /* Release */ = {
			isa = XCBuildConfiguration;
			buildSettings = {
				ALWAYS_SEARCH_USER_PATHS = NO;
				CLANG_ANALYZER_NONNULL = YES;
				CLANG_CXX_LANGUAGE_STANDARD = "gnu++20";
				CLANG_ENABLE_MODULES = YES;
				CLANG_ENABLE_OBJC_ARC = YES;
				COPY_PHASE_STRIP = NO;
				DEBUG_INFORMATION_FORMAT = "dwarf-with-dsym";
				ENABLE_NS_ASSERTIONS = NO;
				ENABLE_STRICT_OBJC_MSGSEND = YES;
				ENABLE_USER_SCRIPT_SANDBOXING = NO;
				GCC_OPTIMIZATION_LEVEL = s;
				MACOSX_DEPLOYMENT_TARGET = 13.0;
				MTL_FAST_MATH = YES;
				SDKROOT = macosx;
				SWIFT_COMPILATION_MODE = "wholemodule";
				SWIFT_OPTIMIZATION_LEVEL = "-O";
			};
			name = Release;
		};
		F07D5B2C4F254854828B5C5F /* Debug */ = {
			isa = XCBuildConfiguration;
			buildSettings = {
				ASSETCATALOG_COMPILER_APPICON_NAME = AppIcon;
				ASSETCATALOG_COMPILER_GLOBAL_ACCENT_COLOR_NAME = AccentColor;
				CODE_SIGN_STYLE = Automatic;
				COMBINE_HIDPI_IMAGES = YES;
				CURRENT_PROJECT_VERSION = 1;
				GENERATE_INFOPLIST_FILE = NO;
				INFOPLIST_FILE = Info.plist;
				CODE_SIGN_ENTITLEMENTS = DynamicWallpaper.entitlements;
				LD_RUNPATH_SEARCH_PATHS = (
					"$(inherited)",
					"@executable_path/../Frameworks",
				);
				MARKETING_VERSION = 1.0;
				PRODUCT_BUNDLE_IDENTIFIER = com.huy.DynamicWallpaper;
				PRODUCT_NAME = "$(TARGET_NAME)";
				SWIFT_EMIT_LOC_STRINGS = YES;
				SWIFT_VERSION = 5.0;
			};
			name = Debug;
		};
		24482BEB00B34106B7E5FC5C /* Release */ = {
			isa = XCBuildConfiguration;
			buildSettings = {
				ASSETCATALOG_COMPILER_APPICON_NAME = AppIcon;
				ASSETCATALOG_COMPILER_GLOBAL_ACCENT_COLOR_NAME = AccentColor;
				CODE_SIGN_STYLE = Automatic;
				COMBINE_HIDPI_IMAGES = YES;
				CURRENT_PROJECT_VERSION = 1;
				GENERATE_INFOPLIST_FILE = NO;
				INFOPLIST_FILE = Info.plist;
				CODE_SIGN_ENTITLEMENTS = DynamicWallpaper.entitlements;
				LD_RUNPATH_SEARCH_PATHS = (
					"$(inherited)",
					"@executable_path/../Frameworks",
				);
				MARKETING_VERSION = 1.0;
				PRODUCT_BUNDLE_IDENTIFIER = com.huy.DynamicWallpaper;
				PRODUCT_NAME = "$(TARGET_NAME)";
				SWIFT_EMIT_LOC_STRINGS = YES;
				SWIFT_VERSION = 5.0;
			};
			name = Release;
		};
/* End XCBuildConfiguration section */

/* Begin XCConfigurationList section */
		CBC52C74017E42DE955C23D3 /* Build configuration list for PBXProject "DynamicWallpaper" */ = {
			isa = XCConfigurationList;
			buildConfigurations = (
				2021CE0925B84B2F86722E14 /* Debug */,
				FF6EC5C02B254BB986DACEA7 /* Release */,
			);
			defaultConfigurationIsVisible = 0;
			defaultConfigurationName = Release;
		};
		0BBE5F1C9E524029B79A52C0 /* Build configuration list for PBXNativeTarget "DynamicWallpaper" */ = {
			isa = XCConfigurationList;
			buildConfigurations = (
				F07D5B2C4F254854828B5C5F /* Debug */,
				24482BEB00B34106B7E5FC5C /* Release */,
			);
			defaultConfigurationIsVisible = 0;
			defaultConfigurationName = Release;
		};
/* End XCConfigurationList section */

	};
	rootObject = CEB7D3D2EA3C44ED9AA1444B /* Project object */;
}
