// !$*UTF8*$!
{
	archiveVersion = 1;
	classes = {
	};
	objectVersion = 56;
	objects = {

/* Begin PBXBuildFile section */
		810F42C36B0C44BF830128AF /* AppDelegate.swift in Sources */ = {isa = PBXBuildFile; fileRef = E949BBDD28954CC4AEB9FAB6 /* AppDelegate.swift */; };
		9877F8E30B344D6C946BFFB0 /* AppSettings.swift in Sources */ = {isa = PBXBuildFile; fileRef = CAE3887B64304867A78220CE /* AppSettings.swift */; };
		C31BBE3ABF5843C0B8DF1235 /* DesktopWindow.swift in Sources */ = {isa = PBXBuildFile; fileRef = FA338768625844718E5823E3 /* DesktopWindow.swift */; };
		ED826D8727DC441B9E2D99B5 /* DisplayManagerView.swift in Sources */ = {isa = PBXBuildFile; fileRef = 6376267F6DD340878ECD3489 /* DisplayManagerView.swift */; };
		F79DE3D88A8245B29ED8B644 /* DynamicWallpaperApp.swift in Sources */ = {isa = PBXBuildFile; fileRef = FF86BCC7B2E4449290142CE4 /* DynamicWallpaperApp.swift */; };
		870060E819634067A9E4EE97 /* LaunchAtLoginHelper.swift in Sources */ = {isa = PBXBuildFile; fileRef = B0BFF47AEBF24F3FBE2856AC /* LaunchAtLoginHelper.swift */; };
		418B1FE9A4084DFAA22CA6E3 /* MainWindowView.swift in Sources */ = {isa = PBXBuildFile; fileRef = 53663A7938E94D2DB84E0060 /* MainWindowView.swift */; };
		BE3357C19BE543699385CFA4 /* MenuBarExtraView.swift in Sources */ = {isa = PBXBuildFile; fileRef = 87AD1318446249E9A06D6CDA /* MenuBarExtraView.swift */; };
		458C61A8AC8B4D708E763BEA /* PowerEfficiencyManager.swift in Sources */ = {isa = PBXBuildFile; fileRef = 3CB17C9F30814E0BB9FF181E /* PowerEfficiencyManager.swift */; };
		4F29D86733B14EE298BA8B39 /* PreferencesView.swift in Sources */ = {isa = PBXBuildFile; fileRef = 8A0D121FD8AF484BABED88A8 /* PreferencesView.swift */; };
		505160AA2CF146F28BDF5201 /* SampleWallpaperProvider.swift in Sources */ = {isa = PBXBuildFile; fileRef = 96DA4CD32C8C4D36BABCA450 /* SampleWallpaperProvider.swift */; };
		E4024538A26A4FCC9B292AEE /* ScreenObserver.swift in Sources */ = {isa = PBXBuildFile; fileRef = F35BF32890E34E37B538F55E /* ScreenObserver.swift */; };
		3B4098FD7E294B4AB3C28E2E /* ThumbnailGenerator.swift in Sources */ = {isa = PBXBuildFile; fileRef = 3CE0C2BF4FA3482A88E50A2F /* ThumbnailGenerator.swift */; };
		D7C2C9B5C4E244699ADBECF4 /* VideoPlayerController.swift in Sources */ = {isa = PBXBuildFile; fileRef = E58A42BC5FE44E22A9655969 /* VideoPlayerController.swift */; };
		7E7DC8362ED84F1EBE0F0812 /* WallpaperCardView.swift in Sources */ = {isa = PBXBuildFile; fileRef = 8788B829FB7D40BD9390B1BE /* WallpaperCardView.swift */; };
		C3A058E345E04FAB8B1F8D41 /* WallpaperEngine.swift in Sources */ = {isa = PBXBuildFile; fileRef = 0A649A99C5074D31A8BFC53C /* WallpaperEngine.swift */; };
		A9886386E48947DC9D2778CD /* WallpaperItem.swift in Sources */ = {isa = PBXBuildFile; fileRef = B30D08C8BFB7442CA29EBA16 /* WallpaperItem.swift */; };
		7D8FF9F1557642FCBFC6F382 /* WallpaperLibraryStore.swift in Sources */ = {isa = PBXBuildFile; fileRef = 0D06AAC410E64813A36D805D /* WallpaperLibraryStore.swift */; };
		28D34A1685324139BF7B8979 /* Assets.xcassets in Resources */ = {isa = PBXBuildFile; fileRef = 2AF01A13501543248DF9101B /* Assets.xcassets */; };
/* End PBXBuildFile section */

/* Begin PBXFileReference section */
		E949BBDD28954CC4AEB9FAB6 /* AppDelegate.swift */ = {isa = PBXFileReference; lastKnownFileType = sourcecode.swift; path = "AppDelegate.swift"; sourceTree = "<group>"; };
		CAE3887B64304867A78220CE /* AppSettings.swift */ = {isa = PBXFileReference; lastKnownFileType = sourcecode.swift; path = "AppSettings.swift"; sourceTree = "<group>"; };
		FA338768625844718E5823E3 /* DesktopWindow.swift */ = {isa = PBXFileReference; lastKnownFileType = sourcecode.swift; path = "DesktopWindow.swift"; sourceTree = "<group>"; };
		6376267F6DD340878ECD3489 /* DisplayManagerView.swift */ = {isa = PBXFileReference; lastKnownFileType = sourcecode.swift; path = "DisplayManagerView.swift"; sourceTree = "<group>"; };
		FF86BCC7B2E4449290142CE4 /* DynamicWallpaperApp.swift */ = {isa = PBXFileReference; lastKnownFileType = sourcecode.swift; path = "DynamicWallpaperApp.swift"; sourceTree = "<group>"; };
		B0BFF47AEBF24F3FBE2856AC /* LaunchAtLoginHelper.swift */ = {isa = PBXFileReference; lastKnownFileType = sourcecode.swift; path = "LaunchAtLoginHelper.swift"; sourceTree = "<group>"; };
		53663A7938E94D2DB84E0060 /* MainWindowView.swift */ = {isa = PBXFileReference; lastKnownFileType = sourcecode.swift; path = "MainWindowView.swift"; sourceTree = "<group>"; };
		87AD1318446249E9A06D6CDA /* MenuBarExtraView.swift */ = {isa = PBXFileReference; lastKnownFileType = sourcecode.swift; path = "MenuBarExtraView.swift"; sourceTree = "<group>"; };
		3CB17C9F30814E0BB9FF181E /* PowerEfficiencyManager.swift */ = {isa = PBXFileReference; lastKnownFileType = sourcecode.swift; path = "PowerEfficiencyManager.swift"; sourceTree = "<group>"; };
		8A0D121FD8AF484BABED88A8 /* PreferencesView.swift */ = {isa = PBXFileReference; lastKnownFileType = sourcecode.swift; path = "PreferencesView.swift"; sourceTree = "<group>"; };
		96DA4CD32C8C4D36BABCA450 /* SampleWallpaperProvider.swift */ = {isa = PBXFileReference; lastKnownFileType = sourcecode.swift; path = "SampleWallpaperProvider.swift"; sourceTree = "<group>"; };
		F35BF32890E34E37B538F55E /* ScreenObserver.swift */ = {isa = PBXFileReference; lastKnownFileType = sourcecode.swift; path = "ScreenObserver.swift"; sourceTree = "<group>"; };
		3CE0C2BF4FA3482A88E50A2F /* ThumbnailGenerator.swift */ = {isa = PBXFileReference; lastKnownFileType = sourcecode.swift; path = "ThumbnailGenerator.swift"; sourceTree = "<group>"; };
		E58A42BC5FE44E22A9655969 /* VideoPlayerController.swift */ = {isa = PBXFileReference; lastKnownFileType = sourcecode.swift; path = "VideoPlayerController.swift"; sourceTree = "<group>"; };
		8788B829FB7D40BD9390B1BE /* WallpaperCardView.swift */ = {isa = PBXFileReference; lastKnownFileType = sourcecode.swift; path = "WallpaperCardView.swift"; sourceTree = "<group>"; };
		0A649A99C5074D31A8BFC53C /* WallpaperEngine.swift */ = {isa = PBXFileReference; lastKnownFileType = sourcecode.swift; path = "WallpaperEngine.swift"; sourceTree = "<group>"; };
		B30D08C8BFB7442CA29EBA16 /* WallpaperItem.swift */ = {isa = PBXFileReference; lastKnownFileType = sourcecode.swift; path = "WallpaperItem.swift"; sourceTree = "<group>"; };
		0D06AAC410E64813A36D805D /* WallpaperLibraryStore.swift */ = {isa = PBXFileReference; lastKnownFileType = sourcecode.swift; path = "WallpaperLibraryStore.swift"; sourceTree = "<group>"; };
		2AF01A13501543248DF9101B /* Assets.xcassets */ = {isa = PBXFileReference; lastKnownFileType = folder.assetcatalog; path = "Resources/Assets.xcassets"; sourceTree = "<group>"; };
		1F1D32D52AF846A6B7E2D71A /* Info.plist */ = {isa = PBXFileReference; lastKnownFileType = text.plist.xml; path = "Info.plist"; sourceTree = "<group>"; };
		14D40D1FF3B743DB9A87DAE3 /* DynamicWallpaper.app */ = {isa = PBXFileReference; explicitFileType = wrapper.application; includeInIndex = 0; path = "DynamicWallpaper.app"; sourceTree = BUILT_PRODUCTS_DIR; };
/* End PBXFileReference section */

/* Begin PBXFrameworksBuildPhase section */
		F85ECD5066264A0486F113AD /* Frameworks */ = {
			isa = PBXFrameworksBuildPhase;
			buildActionMask = 2147483647;
			files = (
			);
			runOnlyForDeploymentPostprocessing = 0;
		};
/* End PBXFrameworksBuildPhase section */

/* Begin PBXGroup section */
		EABC8A31E99A4934998D8857 = {
			isa = PBXGroup;
			children = (
				BD4E67C0F1FD49D4BFCD38F6 /* Sources */,
				2AF01A13501543248DF9101B /* Assets.xcassets */,
				1F1D32D52AF846A6B7E2D71A /* Info.plist */,
				919C7F5693AA475BB4FA6437 /* Products */,
			);
			sourceTree = "<group>";
		};
		BD4E67C0F1FD49D4BFCD38F6 /* Sources */ = {
			isa = PBXGroup;
			children = (
				F9740DE96F5F41269DE44B03 /* App */,
				81BF587612F8424280A86D53 /* Models */,
				D69FC3ABDCAE4B308E26567F /* Core */,
				4228C8A7073E4D688C72EDA2 /* Views */,
				7B9386A2C9E64A1A90D2EAA8 /* Services */,
			);
			name = Sources;
			sourceTree = "<group>";
		};
		F9740DE96F5F41269DE44B03 /* App */ = {
			isa = PBXGroup;
			children = (
				E949BBDD28954CC4AEB9FAB6 /* AppDelegate.swift */,
				FF86BCC7B2E4449290142CE4 /* DynamicWallpaperApp.swift */
			);
			name = "App";
			path = "Sources/DynamicWallpaper/App";
			sourceTree = "<group>";
		};
		81BF587612F8424280A86D53 /* Models */ = {
			isa = PBXGroup;
			children = (
				CAE3887B64304867A78220CE /* AppSettings.swift */,
				B30D08C8BFB7442CA29EBA16 /* WallpaperItem.swift */
			);
			name = "Models";
			path = "Sources/DynamicWallpaper/Models";
			sourceTree = "<group>";
		};
		D69FC3ABDCAE4B308E26567F /* Core */ = {
			isa = PBXGroup;
			children = (
				FA338768625844718E5823E3 /* DesktopWindow.swift */,
				3CB17C9F30814E0BB9FF181E /* PowerEfficiencyManager.swift */,
				F35BF32890E34E37B538F55E /* ScreenObserver.swift */,
				E58A42BC5FE44E22A9655969 /* VideoPlayerController.swift */,
				0A649A99C5074D31A8BFC53C /* WallpaperEngine.swift */
			);
			name = "Core";
			path = "Sources/DynamicWallpaper/Core";
			sourceTree = "<group>";
		};
		4228C8A7073E4D688C72EDA2 /* Views */ = {
			isa = PBXGroup;
			children = (
				6376267F6DD340878ECD3489 /* DisplayManagerView.swift */,
				53663A7938E94D2DB84E0060 /* MainWindowView.swift */,
				87AD1318446249E9A06D6CDA /* MenuBarExtraView.swift */,
				8A0D121FD8AF484BABED88A8 /* PreferencesView.swift */,
				8788B829FB7D40BD9390B1BE /* WallpaperCardView.swift */
			);
			name = "Views";
			path = "Sources/DynamicWallpaper/Views";
			sourceTree = "<group>";
		};
		7B9386A2C9E64A1A90D2EAA8 /* Services */ = {
			isa = PBXGroup;
			children = (
				B0BFF47AEBF24F3FBE2856AC /* LaunchAtLoginHelper.swift */,
				96DA4CD32C8C4D36BABCA450 /* SampleWallpaperProvider.swift */,
				3CE0C2BF4FA3482A88E50A2F /* ThumbnailGenerator.swift */,
				0D06AAC410E64813A36D805D /* WallpaperLibraryStore.swift */
			);
			name = "Services";
			path = "Sources/DynamicWallpaper/Services";
			sourceTree = "<group>";
		};
		919C7F5693AA475BB4FA6437 /* Products */ = {
			isa = PBXGroup;
			children = (
				14D40D1FF3B743DB9A87DAE3 /* DynamicWallpaper.app */,
			);
			name = Products;
			sourceTree = "<group>";
		};
/* End PBXGroup section */

/* Begin PBXNativeTarget section */
		D8F9499E22454149B819B70C /* DynamicWallpaper */ = {
			isa = PBXNativeTarget;
			buildConfigurationList = 48F38398F7F54FE99FF0BC70 /* Build configuration list for PBXNativeTarget "DynamicWallpaper" */;
			buildPhases = (
				11E67762481140029BD90CED /* Sources */,
				F85ECD5066264A0486F113AD /* Frameworks */,
				8FCAB068884C421EBEF6068D /* Resources */,
			);
			buildRules = (
			);
			dependencies = (
			);
			name = DynamicWallpaper;
			productName = DynamicWallpaper;
			productReference = 14D40D1FF3B743DB9A87DAE3 /* DynamicWallpaper.app */;
			productType = "com.apple.product-type.application";
		};
/* End PBXNativeTarget section */

/* Begin PBXProject section */
		AE0D54A049E8473E9D7D58CF /* Project object */ = {
			isa = PBXProject;
			attributes = {
				BuildIndependentTargetsInParallel = 1;
				LastUpgradeCheck = 1500;
				TargetAttributes = {
					D8F9499E22454149B819B70C = {
						CreatedOnToolsVersion = 15.0;
					};
				};
			};
			buildConfigurationList = C349EF5EAC254978845E7F63 /* Build configuration list for PBXProject "DynamicWallpaper" */;
			compatibilityVersion = "Xcode 14.0";
			developmentRegion = en;
			hasScannedForEncodings = 0;
			knownRegions = (
				en,
				Base,
			);
			mainGroup = EABC8A31E99A4934998D8857;
			productRefGroup = 919C7F5693AA475BB4FA6437 /* Products */;
			projectDirPath = "";
			projectRoot = "";
			targets = (
				D8F9499E22454149B819B70C /* DynamicWallpaper */,
			);
		};
/* End PBXProject section */

/* Begin PBXResourcesBuildPhase section */
		8FCAB068884C421EBEF6068D /* Resources */ = {
			isa = PBXResourcesBuildPhase;
			buildActionMask = 2147483647;
			files = (
				28D34A1685324139BF7B8979 /* Assets.xcassets in Resources */,
			);
			runOnlyForDeploymentPostprocessing = 0;
		};
/* End PBXResourcesBuildPhase section */

/* Begin PBXSourcesBuildPhase section */
		11E67762481140029BD90CED /* Sources */ = {
			isa = PBXSourcesBuildPhase;
			buildActionMask = 2147483647;
			files = (
				810F42C36B0C44BF830128AF /* AppDelegate.swift in Sources */,
				9877F8E30B344D6C946BFFB0 /* AppSettings.swift in Sources */,
				C31BBE3ABF5843C0B8DF1235 /* DesktopWindow.swift in Sources */,
				ED826D8727DC441B9E2D99B5 /* DisplayManagerView.swift in Sources */,
				F79DE3D88A8245B29ED8B644 /* DynamicWallpaperApp.swift in Sources */,
				870060E819634067A9E4EE97 /* LaunchAtLoginHelper.swift in Sources */,
				418B1FE9A4084DFAA22CA6E3 /* MainWindowView.swift in Sources */,
				BE3357C19BE543699385CFA4 /* MenuBarExtraView.swift in Sources */,
				458C61A8AC8B4D708E763BEA /* PowerEfficiencyManager.swift in Sources */,
				4F29D86733B14EE298BA8B39 /* PreferencesView.swift in Sources */,
				505160AA2CF146F28BDF5201 /* SampleWallpaperProvider.swift in Sources */,
				E4024538A26A4FCC9B292AEE /* ScreenObserver.swift in Sources */,
				3B4098FD7E294B4AB3C28E2E /* ThumbnailGenerator.swift in Sources */,
				D7C2C9B5C4E244699ADBECF4 /* VideoPlayerController.swift in Sources */,
				7E7DC8362ED84F1EBE0F0812 /* WallpaperCardView.swift in Sources */,
				C3A058E345E04FAB8B1F8D41 /* WallpaperEngine.swift in Sources */,
				A9886386E48947DC9D2778CD /* WallpaperItem.swift in Sources */,
				7D8FF9F1557642FCBFC6F382 /* WallpaperLibraryStore.swift in Sources */,
			);
			runOnlyForDeploymentPostprocessing = 0;
		};
/* End PBXSourcesBuildPhase section */

/* Begin XCBuildConfiguration section */
		F4646B85C7C24323BF772A4B /* Debug */ = {
			isa = XCBuildConfiguration;
			buildSettings = {
				ALWAYS_SEARCH_USER_PATHS = NO;
				CLANG_ANALYZER_NONNULL = YES;
				CLANG_CXX_LANGUAGE_STANDARD = "gnu++20";
				CLANG_ENABLE_MODULES = YES;
				CLANG_ENABLE_OBJC_ARC = YES;
				COPY_PHASE_STRIP = NO;
				DEBUG_INFORMATION_FORMAT = dwarf;
				ENABLE_STRICT_OBJC_MSGSEND = YES;
				ENABLE_TESTABILITY = YES;
				GCC_DYNAMIC_NO_PIC = NO;
				GCC_OPTIMIZATION_LEVEL = 0;
				GCC_PREPROCESSOR_DEFINITIONS = (
					"DEBUG=1",
					"$(inherited)",
				);
				MACOSX_DEPLOYMENT_TARGET = 13.0;
				MTL_ENABLE_DEBUG_INFO = INCLUDE_SOURCE;
				MTL_FAST_MATH = YES;
				ONLY_ACTIVE_ARCH = YES;
				SDKROOT = macosx;
				SWIFT_ACTIVE_COMPILATION_CONDITIONS = DEBUG;
				SWIFT_OPTIMIZATION_LEVEL = "-Onone";
			};
			name = Debug;
		};
		88386142F5174112868ADE5C /* Release */ = {
			isa = XCBuildConfiguration;
			buildSettings = {
				ALWAYS_SEARCH_USER_PATHS = NO;
				CLANG_ANALYZER_NONNULL = YES;
				CLANG_CXX_LANGUAGE_STANDARD = "gnu++20";
				CLANG_ENABLE_MODULES = YES;
				CLANG_ENABLE_OBJC_ARC = YES;
				COPY_PHASE_STRIP = NO;
				DEBUG_INFORMATION_FORMAT = "dwarf-with-dsym";
				ENABLE_NS_ASSERTIONS = NO;
				ENABLE_STRICT_OBJC_MSGSEND = YES;
				ENABLE_USER_SCRIPT_SANDBOXING = NO;
				GCC_OPTIMIZATION_LEVEL = s;
				MACOSX_DEPLOYMENT_TARGET = 13.0;
				MTL_FAST_MATH = YES;
				SDKROOT = macosx;
				SWIFT_COMPILATION_MODE = "wholemodule";
				SWIFT_OPTIMIZATION_LEVEL = "-O";
			};
			name = Release;
		};
		AE4867D783BA4D8C80C71FD9 /* Debug */ = {
			isa = XCBuildConfiguration;
			buildSettings = {
				ASSETCATALOG_COMPILER_APPICON_NAME = AppIcon;
				ASSETCATALOG_COMPILER_GLOBAL_ACCENT_COLOR_NAME = AccentColor;
				CODE_SIGN_STYLE = Automatic;
				COMBINE_HIDPI_IMAGES = YES;
				CURRENT_PROJECT_VERSION = 1;
				GENERATE_INFOPLIST_FILE = NO;
				INFOPLIST_FILE = Info.plist;
				CODE_SIGN_ENTITLEMENTS = DynamicWallpaper.entitlements;
				LD_RUNPATH_SEARCH_PATHS = (
					"$(inherited)",
					"@executable_path/../Frameworks",
				);
				MARKETING_VERSION = 1.0;
				PRODUCT_BUNDLE_IDENTIFIER = com.huy.DynamicWallpaper;
				PRODUCT_NAME = "$(TARGET_NAME)";
				SWIFT_EMIT_LOC_STRINGS = YES;
				SWIFT_VERSION = 5.0;
			};
			name = Debug;
		};
		711F2CC572704A1F8B6CE291 /* Release */ = {
			isa = XCBuildConfiguration;
			buildSettings = {
				ASSETCATALOG_COMPILER_APPICON_NAME = AppIcon;
				ASSETCATALOG_COMPILER_GLOBAL_ACCENT_COLOR_NAME = AccentColor;
				CODE_SIGN_STYLE = Automatic;
				COMBINE_HIDPI_IMAGES = YES;
				CURRENT_PROJECT_VERSION = 1;
				GENERATE_INFOPLIST_FILE = NO;
				INFOPLIST_FILE = Info.plist;
				CODE_SIGN_ENTITLEMENTS = DynamicWallpaper.entitlements;
				LD_RUNPATH_SEARCH_PATHS = (
					"$(inherited)",
					"@executable_path/../Frameworks",
				);
				MARKETING_VERSION = 1.0;
				PRODUCT_BUNDLE_IDENTIFIER = com.huy.DynamicWallpaper;
				PRODUCT_NAME = "$(TARGET_NAME)";
				SWIFT_EMIT_LOC_STRINGS = YES;
				SWIFT_VERSION = 5.0;
			};
			name = Release;
		};
/* End XCBuildConfiguration section */

/* Begin XCConfigurationList section */
		C349EF5EAC254978845E7F63 /* Build configuration list for PBXProject "DynamicWallpaper" */ = {
			isa = XCConfigurationList;
			buildConfigurations = (
				F4646B85C7C24323BF772A4B /* Debug */,
				88386142F5174112868ADE5C /* Release */,
			);
			defaultConfigurationIsVisible = 0;
			defaultConfigurationName = Release;
		};
		48F38398F7F54FE99FF0BC70 /* Build configuration list for PBXNativeTarget "DynamicWallpaper" */ = {
			isa = XCConfigurationList;
			buildConfigurations = (
				AE4867D783BA4D8C80C71FD9 /* Debug */,
				711F2CC572704A1F8B6CE291 /* Release */,
			);
			defaultConfigurationIsVisible = 0;
			defaultConfigurationName = Release;
		};
/* End XCConfigurationList section */

	};
	rootObject = AE0D54A049E8473E9D7D58CF /* Project object */;
}
